
Microsoft Visual Studio Solution File, Format Version 12.00
# Visual Studio Version 17
VisualStudioVersion = 17.11.35327.3
MinimumVisualStudioVersion = 10.0.40219.1
Project("{FAE04EC0-301F-11D3-BF4B-00C04F79EFBC}") = "AlgorithmLayer", "AlgorithmLayer\AlgorithmLayer.csproj", "{C094670D-D09A-49A6-B1C2-6652C715E12E}"
EndProject
Global
	GlobalSection(SolutionConfigurationPlatforms) = preSolution
		Debug|Any CPU = Debug|Any CPU
		Release|Any CPU = Release|Any CPU
	EndGlobalSection
	GlobalSection(ProjectConfigurationPlatforms) = postSolution
		{C094670D-D09A-49A6-B1C2-6652C715E12E}.Debug|Any CPU.ActiveCfg = Debug|Any CPU
		{C094670D-D09A-49A6-B1C2-6652C715E12E}.Debug|Any CPU.Build.0 = Debug|Any CPU
		{C094670D-D09A-49A6-B1C2-6652C715E12E}.Release|Any CPU.ActiveCfg = Release|Any CPU
		{C094670D-D09A-49A6-B1C2-6652C715E12E}.Release|Any CPU.Build.0 = Release|Any CPU
	EndGlobalSection
	GlobalSection(SolutionProperties) = preSolution
		HideSolutionNode = FALSE
	EndGlobalSection
	GlobalSection(ExtensibilityGlobals) = postSolution
		SolutionGuid = {EE3F03C0-E910-49F6-9089-E308FEF8835A}
	EndGlobalSection
EndGlobal
