
Microsoft Visual Studio Solution File, Format Version 12.00
# Visual Studio Version 17
VisualStudioVersion = 17.10.35122.118
MinimumVisualStudioVersion = 10.0.40219.1
Project("{9A19103F-16F7-4668-BE54-9A1E7A4F7556}") = "SmartPacifier.UI (WPF)", "..\..\Source Code\Front-End\UI (WPF)\Smart Pacifier - Tool\Smart Pacifier - Tool\SmartPacifier.UI (WPF).csproj", "{99093CFF-F07E-4F50-BE34-3DF44EAB3A8B}"
EndProject
Project("{9A19103F-16F7-4668-BE54-9A1E7A4F7556}") = "SmartPacifier.BackEnd", "..\..\Source Code\Back-End\BackEndService\BackEndService\SmartPacifier.BackEnd.csproj", "{2E213FB1-9FFB-40D1-98DC-B35E8496012A}"
EndProject
Project("{9A19103F-16F7-4668-BE54-9A1E7A4F7556}") = "SmartPacifier.Interface", "..\..\Source Code\Interface\Interface_NETInterop\Interface_NETInterop\SmartPacifier.Interface.csproj", "{7C4F8932-C218-416F-9B0D-C7EB33850622}"
EndProject
Project("{9A19103F-16F7-4668-BE54-9A1E7A4F7556}") = "SmartPacifier - TestingFramework", "SmartPacifier - TestingFramework\SmartPacifier - TestingFramework.csproj", "{E67C9CDC-6911-4815-B62A-736A8745A904}"
EndProject
Global
	GlobalSection(SolutionConfigurationPlatforms) = preSolution
		Debug|Any CPU = Debug|Any CPU
		Release|Any CPU = Release|Any CPU
	EndGlobalSection
	GlobalSection(ProjectConfigurationPlatforms) = postSolution
		{99093CFF-F07E-4F50-BE34-3DF44EAB3A8B}.Debug|Any CPU.ActiveCfg = Debug|Any CPU
		{99093CFF-F07E-4F50-BE34-3DF44EAB3A8B}.Debug|Any CPU.Build.0 = Debug|Any CPU
		{99093CFF-F07E-4F50-BE34-3DF44EAB3A8B}.Release|Any CPU.ActiveCfg = Release|Any CPU
		{99093CFF-F07E-4F50-BE34-3DF44EAB3A8B}.Release|Any CPU.Build.0 = Release|Any CPU
		{2E213FB1-9FFB-40D1-98DC-B35E8496012A}.Debug|Any CPU.ActiveCfg = Debug|Any CPU
		{2E213FB1-9FFB-40D1-98DC-B35E8496012A}.Debug|Any CPU.Build.0 = Debug|Any CPU
		{2E213FB1-9FFB-40D1-98DC-B35E8496012A}.Release|Any CPU.ActiveCfg = Release|Any CPU
		{2E213FB1-9FFB-40D1-98DC-B35E8496012A}.Release|Any CPU.Build.0 = Release|Any CPU
		{7C4F8932-C218-416F-9B0D-C7EB33850622}.Debug|Any CPU.ActiveCfg = Debug|Any CPU
		{7C4F8932-C218-416F-9B0D-C7EB33850622}.Debug|Any CPU.Build.0 = Debug|Any CPU
		{7C4F8932-C218-416F-9B0D-C7EB33850622}.Release|Any CPU.ActiveCfg = Release|Any CPU
		{7C4F8932-C218-416F-9B0D-C7EB33850622}.Release|Any CPU.Build.0 = Release|Any CPU
		{E67C9CDC-6911-4815-B62A-736A8745A904}.Debug|Any CPU.ActiveCfg = Debug|Any CPU
		{E67C9CDC-6911-4815-B62A-736A8745A904}.Debug|Any CPU.Build.0 = Debug|Any CPU
		{E67C9CDC-6911-4815-B62A-736A8745A904}.Release|Any CPU.ActiveCfg = Release|Any CPU
		{E67C9CDC-6911-4815-B62A-736A8745A904}.Release|Any CPU.Build.0 = Release|Any CPU
	EndGlobalSection
	GlobalSection(SolutionProperties) = preSolution
		HideSolutionNode = FALSE
	EndGlobalSection
	GlobalSection(ExtensibilityGlobals) = postSolution
		SolutionGuid = {B70761FB-D7FF-4875-B2EC-AC8DC6B9AAF7}
	EndGlobalSection
EndGlobal
