
Microsoft Visual Studio Solution File, Format Version 12.00
# Visual Studio Version 17
VisualStudioVersion = 17.11.35327.3
MinimumVisualStudioVersion = 10.0.40219.1
Project("{9A19103F-16F7-4668-BE54-9A1E7A4F7556}") = "BackEndService", "BackEndService\BackEndService.csproj", "{4A2DF497-9123-47DD-BE1B-9FC51E1C1BE6}"
EndProject
Project("{9A19103F-16F7-4668-BE54-9A1E7A4F7556}") = "Interface_NETInterop", "..\..\Interface\Interface_NETInterop\Interface_NETInterop\Interface_NETInterop.csproj", "{085A77DF-B93A-4257-A89A-4BA630E77EA0}"
EndProject
Global
	GlobalSection(SolutionConfigurationPlatforms) = preSolution
		Debug|Any CPU = Debug|Any CPU
		Release|Any CPU = Release|Any CPU
	EndGlobalSection
	GlobalSection(ProjectConfigurationPlatforms) = postSolution
		{4A2DF497-9123-47DD-BE1B-9FC51E1C1BE6}.Debug|Any CPU.ActiveCfg = Debug|Any CPU
		{4A2DF497-9123-47DD-BE1B-9FC51E1C1BE6}.Debug|Any CPU.Build.0 = Debug|Any CPU
		{4A2DF497-9123-47DD-BE1B-9FC51E1C1BE6}.Release|Any CPU.ActiveCfg = Release|Any CPU
		{4A2DF497-9123-47DD-BE1B-9FC51E1C1BE6}.Release|Any CPU.Build.0 = Release|Any CPU
		{085A77DF-B93A-4257-A89A-4BA630E77EA0}.Debug|Any CPU.ActiveCfg = Debug|Any CPU
		{085A77DF-B93A-4257-A89A-4BA630E77EA0}.Debug|Any CPU.Build.0 = Debug|Any CPU
		{085A77DF-B93A-4257-A89A-4BA630E77EA0}.Release|Any CPU.ActiveCfg = Release|Any CPU
		{085A77DF-B93A-4257-A89A-4BA630E77EA0}.Release|Any CPU.Build.0 = Release|Any CPU
	EndGlobalSection
	GlobalSection(SolutionProperties) = preSolution
		HideSolutionNode = FALSE
	EndGlobalSection
	GlobalSection(ExtensibilityGlobals) = postSolution
		SolutionGuid = {991CD644-1DD5-40B1-8629-AF1697480A76}
	EndGlobalSection
EndGlobal
